
Microsoft Visual Studio Solution File, Format Version 12.00
# Visual Studio 15
VisualStudioVersion = 15.0.26403.7
MinimumVisualStudioVersion = 10.0.40219.1
Project("{FAE04EC0-301F-11D3-BF4B-00C04F79EFBC}") = "HashCodeCommon", "HashCodeCommon\HashCodeCommon.csproj", "{FE988848-3527-4FDE-A140-65CE69E2F181}"
EndProject
Project("{FAE04EC0-301F-11D3-BF4B-00C04F79EFBC}") = "DronesProblem", "DronesProblem\DronesProblem.csproj", "{4BCC8268-8E90-445D-A42F-8FB6E0EB7646}"
EndProject
Project("{FAE04EC0-301F-11D3-BF4B-00C04F79EFBC}") = "DronesProblemTests", "DronesProblemTests\DronesProblemTests.csproj", "{57E5119F-63D7-4BDE-B0B6-62F5E1193DCA}"
EndProject
Project("{FAE04EC0-301F-11D3-BF4B-00C04F79EFBC}") = "2015_Qualification", "2015_Qualification\2015_Qualification.csproj", "{B3F50226-EB02-42CA-8669-B02E36944C26}"
EndProject
Project("{FAE04EC0-301F-11D3-BF4B-00C04F79EFBC}") = "2015_Qualification_Test", "2015_Qualification_Test\2015_Qualification_Test.csproj", "{C48E5D2E-3B0B-4E4C-AC5C-F4BF37D444EF}"
EndProject
Project("{FAE04EC0-301F-11D3-BF4B-00C04F79EFBC}") = "2017_Qualification", "2017_Qualification\2017_Qualification.csproj", "{E1E3121D-03DC-44F0-8690-0CDEA2C54B42}"
EndProject
Project("{FAE04EC0-301F-11D3-BF4B-00C04F79EFBC}") = "2017_Qualification_Test", "2017_Qualification_Test\2017_Qualification_Test.csproj", "{F2E3C0D0-64E4-44BF-842E-1FEC5F5F1249}"
EndProject
Project("{FAE04EC0-301F-11D3-BF4B-00C04F79EFBC}") = "2018_Qualification", "2018_Qualification\2018_Qualification.csproj", "{6E9CA3C7-5B77-41E6-B3AB-E44FD6D1E04B}"
EndProject
Project("{FAE04EC0-301F-11D3-BF4B-00C04F79EFBC}") = "2018_Qualification_Test", "2018_Qualification_Test\2018_Qualification_Test.csproj", "{841C3CDA-6E30-42FF-B272-10F564FFD9AF}"
EndProject
Project("{FAE04EC0-301F-11D3-BF4B-00C04F79EFBC}") = "2017_Final", "2017_Final\2017_Final.csproj", "{A5F7E7E4-B251-44F5-9E47-2980C1DA20FB}"
EndProject
Project("{FAE04EC0-301F-11D3-BF4B-00C04F79EFBC}") = "2018_Final", "2018_Final\2018_Final.csproj", "{7E2A6BDE-7403-4B05-8484-7AE52211AF3B}"
EndProject
Project("{FAE04EC0-301F-11D3-BF4B-00C04F79EFBC}") = "PizzaProblem", "PizzaProblem\PizzaProblem.csproj", "{36A64C87-2428-408D-A8D1-48555E03458B}"
EndProject
Global
	GlobalSection(SolutionConfigurationPlatforms) = preSolution
		Debug|Any CPU = Debug|Any CPU
		Release|Any CPU = Release|Any CPU
	EndGlobalSection
	GlobalSection(ProjectConfigurationPlatforms) = postSolution
		{FE988848-3527-4FDE-A140-65CE69E2F181}.Debug|Any CPU.ActiveCfg = Debug|Any CPU
		{FE988848-3527-4FDE-A140-65CE69E2F181}.Debug|Any CPU.Build.0 = Debug|Any CPU
		{FE988848-3527-4FDE-A140-65CE69E2F181}.Release|Any CPU.ActiveCfg = Release|Any CPU
		{FE988848-3527-4FDE-A140-65CE69E2F181}.Release|Any CPU.Build.0 = Release|Any CPU
		{4BCC8268-8E90-445D-A42F-8FB6E0EB7646}.Debug|Any CPU.ActiveCfg = Debug|Any CPU
		{4BCC8268-8E90-445D-A42F-8FB6E0EB7646}.Debug|Any CPU.Build.0 = Debug|Any CPU
		{4BCC8268-8E90-445D-A42F-8FB6E0EB7646}.Release|Any CPU.ActiveCfg = Release|Any CPU
		{4BCC8268-8E90-445D-A42F-8FB6E0EB7646}.Release|Any CPU.Build.0 = Release|Any CPU
		{57E5119F-63D7-4BDE-B0B6-62F5E1193DCA}.Debug|Any CPU.ActiveCfg = Debug|Any CPU
		{57E5119F-63D7-4BDE-B0B6-62F5E1193DCA}.Debug|Any CPU.Build.0 = Debug|Any CPU
		{57E5119F-63D7-4BDE-B0B6-62F5E1193DCA}.Release|Any CPU.ActiveCfg = Release|Any CPU
		{57E5119F-63D7-4BDE-B0B6-62F5E1193DCA}.Release|Any CPU.Build.0 = Release|Any CPU
		{B3F50226-EB02-42CA-8669-B02E36944C26}.Debug|Any CPU.ActiveCfg = Debug|Any CPU
		{B3F50226-EB02-42CA-8669-B02E36944C26}.Debug|Any CPU.Build.0 = Debug|Any CPU
		{B3F50226-EB02-42CA-8669-B02E36944C26}.Release|Any CPU.ActiveCfg = Release|Any CPU
		{B3F50226-EB02-42CA-8669-B02E36944C26}.Release|Any CPU.Build.0 = Release|Any CPU
		{C48E5D2E-3B0B-4E4C-AC5C-F4BF37D444EF}.Debug|Any CPU.ActiveCfg = Debug|Any CPU
		{C48E5D2E-3B0B-4E4C-AC5C-F4BF37D444EF}.Debug|Any CPU.Build.0 = Debug|Any CPU
		{C48E5D2E-3B0B-4E4C-AC5C-F4BF37D444EF}.Release|Any CPU.ActiveCfg = Release|Any CPU
		{C48E5D2E-3B0B-4E4C-AC5C-F4BF37D444EF}.Release|Any CPU.Build.0 = Release|Any CPU
		{E1E3121D-03DC-44F0-8690-0CDEA2C54B42}.Debug|Any CPU.ActiveCfg = Debug|Any CPU
		{E1E3121D-03DC-44F0-8690-0CDEA2C54B42}.Debug|Any CPU.Build.0 = Debug|Any CPU
		{E1E3121D-03DC-44F0-8690-0CDEA2C54B42}.Release|Any CPU.ActiveCfg = Release|Any CPU
		{E1E3121D-03DC-44F0-8690-0CDEA2C54B42}.Release|Any CPU.Build.0 = Release|Any CPU
		{F2E3C0D0-64E4-44BF-842E-1FEC5F5F1249}.Debug|Any CPU.ActiveCfg = Debug|Any CPU
		{F2E3C0D0-64E4-44BF-842E-1FEC5F5F1249}.Debug|Any CPU.Build.0 = Debug|Any CPU
		{F2E3C0D0-64E4-44BF-842E-1FEC5F5F1249}.Release|Any CPU.ActiveCfg = Release|Any CPU
		{F2E3C0D0-64E4-44BF-842E-1FEC5F5F1249}.Release|Any CPU.Build.0 = Release|Any CPU
		{6E9CA3C7-5B77-41E6-B3AB-E44FD6D1E04B}.Debug|Any CPU.ActiveCfg = Debug|Any CPU
		{6E9CA3C7-5B77-41E6-B3AB-E44FD6D1E04B}.Debug|Any CPU.Build.0 = Debug|Any CPU
		{6E9CA3C7-5B77-41E6-B3AB-E44FD6D1E04B}.Release|Any CPU.ActiveCfg = Release|Any CPU
		{6E9CA3C7-5B77-41E6-B3AB-E44FD6D1E04B}.Release|Any CPU.Build.0 = Release|Any CPU
		{841C3CDA-6E30-42FF-B272-10F564FFD9AF}.Debug|Any CPU.ActiveCfg = Debug|Any CPU
		{841C3CDA-6E30-42FF-B272-10F564FFD9AF}.Debug|Any CPU.Build.0 = Debug|Any CPU
		{841C3CDA-6E30-42FF-B272-10F564FFD9AF}.Release|Any CPU.ActiveCfg = Release|Any CPU
		{841C3CDA-6E30-42FF-B272-10F564FFD9AF}.Release|Any CPU.Build.0 = Release|Any CPU
		{A5F7E7E4-B251-44F5-9E47-2980C1DA20FB}.Debug|Any CPU.ActiveCfg = Debug|Any CPU
		{A5F7E7E4-B251-44F5-9E47-2980C1DA20FB}.Debug|Any CPU.Build.0 = Debug|Any CPU
		{A5F7E7E4-B251-44F5-9E47-2980C1DA20FB}.Release|Any CPU.ActiveCfg = Release|Any CPU
		{A5F7E7E4-B251-44F5-9E47-2980C1DA20FB}.Release|Any CPU.Build.0 = Release|Any CPU
		{7E2A6BDE-7403-4B05-8484-7AE52211AF3B}.Debug|Any CPU.ActiveCfg = Debug|Any CPU
		{7E2A6BDE-7403-4B05-8484-7AE52211AF3B}.Debug|Any CPU.Build.0 = Debug|Any CPU
		{7E2A6BDE-7403-4B05-8484-7AE52211AF3B}.Release|Any CPU.ActiveCfg = Release|Any CPU
		{7E2A6BDE-7403-4B05-8484-7AE52211AF3B}.Release|Any CPU.Build.0 = Release|Any CPU
		{36A64C87-2428-408D-A8D1-48555E03458B}.Debug|Any CPU.ActiveCfg = Debug|Any CPU
		{36A64C87-2428-408D-A8D1-48555E03458B}.Debug|Any CPU.Build.0 = Debug|Any CPU
		{36A64C87-2428-408D-A8D1-48555E03458B}.Release|Any CPU.ActiveCfg = Release|Any CPU
		{36A64C87-2428-408D-A8D1-48555E03458B}.Release|Any CPU.Build.0 = Release|Any CPU
	EndGlobalSection
	GlobalSection(SolutionProperties) = preSolution
		HideSolutionNode = FALSE
	EndGlobalSection
EndGlobal
