
Microsoft Visual Studio Solution File, Format Version 12.00
# Visual Studio 15
VisualStudioVersion = 15.0.26403.7
MinimumVisualStudioVersion = 10.0.40219.1
Project("{FAE04EC0-301F-11D3-BF4B-00C04F79EFBC}") = "HashCodeCommon", "HashCodeCommon\HashCodeCommon.csproj", "{FE988848-3527-4FDE-A140-65CE69E2F181}"
EndProject
Project("{FAE04EC0-301F-11D3-BF4B-00C04F79EFBC}") = "2018_Qualification", "2018_Qualification\2018_Qualification.csproj", "{6E9CA3C7-5B77-41E6-B3AB-E44FD6D1E04B}"
EndProject
Project("{FAE04EC0-301F-11D3-BF4B-00C04F79EFBC}") = "2018_Qualification_Test", "2018_Qualification_Test\2018_Qualification_Test.csproj", "{841C3CDA-6E30-42FF-B272-10F564FFD9AF}"
EndProject
Project("{FAE04EC0-301F-11D3-BF4B-00C04F79EFBC}") = "2018_Final", "2018_Final\2018_Final.csproj", "{7E2A6BDE-7403-4B05-8484-7AE52211AF3B}"
EndProject
Project("{FAE04EC0-301F-11D3-BF4B-00C04F79EFBC}") = "2015_Qual_WithLiron", "2015_Qual_WithLiron\2015_Qual_WithLiron.csproj", "{D9284193-E3C0-4022-8412-6D7BFAD4E72B}"
EndProject
Project("{FAE04EC0-301F-11D3-BF4B-00C04F79EFBC}") = "2019_Qualification", "2019_Qualification\2019_Qualification.csproj", "{0C7C9F5B-33F1-4943-92F7-BA99DCCF61D0}"
EndProject
Global
	GlobalSection(SolutionConfigurationPlatforms) = preSolution
		Debug|Any CPU = Debug|Any CPU
		Release|Any CPU = Release|Any CPU
	EndGlobalSection
	GlobalSection(ProjectConfigurationPlatforms) = postSolution
		{FE988848-3527-4FDE-A140-65CE69E2F181}.Debug|Any CPU.ActiveCfg = Debug|Any CPU
		{FE988848-3527-4FDE-A140-65CE69E2F181}.Debug|Any CPU.Build.0 = Debug|Any CPU
		{FE988848-3527-4FDE-A140-65CE69E2F181}.Release|Any CPU.ActiveCfg = Release|Any CPU
		{FE988848-3527-4FDE-A140-65CE69E2F181}.Release|Any CPU.Build.0 = Release|Any CPU
		{6E9CA3C7-5B77-41E6-B3AB-E44FD6D1E04B}.Debug|Any CPU.ActiveCfg = Debug|Any CPU
		{6E9CA3C7-5B77-41E6-B3AB-E44FD6D1E04B}.Debug|Any CPU.Build.0 = Debug|Any CPU
		{6E9CA3C7-5B77-41E6-B3AB-E44FD6D1E04B}.Release|Any CPU.ActiveCfg = Release|Any CPU
		{6E9CA3C7-5B77-41E6-B3AB-E44FD6D1E04B}.Release|Any CPU.Build.0 = Release|Any CPU
		{841C3CDA-6E30-42FF-B272-10F564FFD9AF}.Debug|Any CPU.ActiveCfg = Debug|Any CPU
		{841C3CDA-6E30-42FF-B272-10F564FFD9AF}.Debug|Any CPU.Build.0 = Debug|Any CPU
		{841C3CDA-6E30-42FF-B272-10F564FFD9AF}.Release|Any CPU.ActiveCfg = Release|Any CPU
		{841C3CDA-6E30-42FF-B272-10F564FFD9AF}.Release|Any CPU.Build.0 = Release|Any CPU
		{7E2A6BDE-7403-4B05-8484-7AE52211AF3B}.Debug|Any CPU.ActiveCfg = Debug|Any CPU
		{7E2A6BDE-7403-4B05-8484-7AE52211AF3B}.Debug|Any CPU.Build.0 = Debug|Any CPU
		{7E2A6BDE-7403-4B05-8484-7AE52211AF3B}.Release|Any CPU.ActiveCfg = Release|Any CPU
		{7E2A6BDE-7403-4B05-8484-7AE52211AF3B}.Release|Any CPU.Build.0 = Release|Any CPU
		{D9284193-E3C0-4022-8412-6D7BFAD4E72B}.Debug|Any CPU.ActiveCfg = Debug|Any CPU
		{D9284193-E3C0-4022-8412-6D7BFAD4E72B}.Debug|Any CPU.Build.0 = Debug|Any CPU
		{D9284193-E3C0-4022-8412-6D7BFAD4E72B}.Release|Any CPU.ActiveCfg = Release|Any CPU
		{D9284193-E3C0-4022-8412-6D7BFAD4E72B}.Release|Any CPU.Build.0 = Release|Any CPU
		{0C7C9F5B-33F1-4943-92F7-BA99DCCF61D0}.Debug|Any CPU.ActiveCfg = Debug|Any CPU
		{0C7C9F5B-33F1-4943-92F7-BA99DCCF61D0}.Debug|Any CPU.Build.0 = Debug|Any CPU
		{0C7C9F5B-33F1-4943-92F7-BA99DCCF61D0}.Release|Any CPU.ActiveCfg = Release|Any CPU
		{0C7C9F5B-33F1-4943-92F7-BA99DCCF61D0}.Release|Any CPU.Build.0 = Release|Any CPU
	EndGlobalSection
	GlobalSection(SolutionProperties) = preSolution
		HideSolutionNode = FALSE
	EndGlobalSection
	GlobalSection(ExtensibilityGlobals) = postSolution
		SolutionGuid = {40246B32-AACC-418A-92B1-07322734F9EF}
	EndGlobalSection
EndGlobal
